
Microsoft Visual Studio Solution File, Format Version 12.00
# Visual Studio Version 16
VisualStudioVersion = 16.0.29911.84
MinimumVisualStudioVersion = 10.0.40219.1
Project("{9A19103F-16F7-4668-BE54-9A1E7A4F7556}") = "Amqp.Sender", "Amqp.Sender\Amqp.Sender.csproj", "{0F62EF69-63D8-465A-A406-A1B0AFE98CC4}"
EndProject
Project("{FAE04EC0-301F-11D3-BF4B-00C04F79EFBC}") = "Amqp.Reciver", "Amqp.Reciver\Amqp.Reciver.csproj", "{ED428031-7370-4189-9E6F-A9B2B5DC43B2}"
EndProject
Global
	GlobalSection(SolutionConfigurationPlatforms) = preSolution
		Debug|Any CPU = Debug|Any CPU
		Release|Any CPU = Release|Any CPU
	EndGlobalSection
	GlobalSection(ProjectConfigurationPlatforms) = postSolution
		{0F62EF69-63D8-465A-A406-A1B0AFE98CC4}.Debug|Any CPU.ActiveCfg = Debug|Any CPU
		{0F62EF69-63D8-465A-A406-A1B0AFE98CC4}.Debug|Any CPU.Build.0 = Debug|Any CPU
		{0F62EF69-63D8-465A-A406-A1B0AFE98CC4}.Release|Any CPU.ActiveCfg = Release|Any CPU
		{0F62EF69-63D8-465A-A406-A1B0AFE98CC4}.Release|Any CPU.Build.0 = Release|Any CPU
		{ED428031-7370-4189-9E6F-A9B2B5DC43B2}.Debug|Any CPU.ActiveCfg = Debug|Any CPU
		{ED428031-7370-4189-9E6F-A9B2B5DC43B2}.Debug|Any CPU.Build.0 = Debug|Any CPU
		{ED428031-7370-4189-9E6F-A9B2B5DC43B2}.Release|Any CPU.ActiveCfg = Release|Any CPU
		{ED428031-7370-4189-9E6F-A9B2B5DC43B2}.Release|Any CPU.Build.0 = Release|Any CPU
	EndGlobalSection
	GlobalSection(SolutionProperties) = preSolution
		HideSolutionNode = FALSE
	EndGlobalSection
	GlobalSection(ExtensibilityGlobals) = postSolution
		SolutionGuid = {898D70D0-877A-412B-9AF9-0395ED801904}
	EndGlobalSection
EndGlobal
